{
  "meteor": {},
  "dependencies": {
    "basePackages": {
      "iron-router": {
        "git": "git@github.com:EventedMind/iron-router.git",
        "branch": "blaze-integration"
      },
      "accounts-entry": {
        "git": "git@github.com:BeDifferential/accounts-entry.git",
        "branch": "blaze"
      },
      "handlebars-server": {
        "git": "git@github.com:EventedMind/meteor-handlebars-server.git",
        "branch": "master"
      },
      "blaze-layout": {}
    },
    "packages": {
      "iron-router": {
        "git": "git@github.com:EventedMind/iron-router.git",
        "branch": "blaze-integration",
        "commit": "f8ffd44bceacc6a55f4ebcc218c072f5a18138b4"
      },
      "accounts-entry": {
        "git": "git@github.com:BeDifferential/accounts-entry.git",
        "branch": "blaze",
        "commit": "945106cf7779f92af128b563faf31c5ce5d82703"
      },
      "handlebars-server": {
        "git": "git@github.com:EventedMind/meteor-handlebars-server.git",
        "branch": "master",
        "commit": "ffb73682cbc4b8d5068b05f4344901b050ce06c9"
      },
      "blaze-layout": {
        "git": "https://github.com/EventedMind/blaze-layout.git",
        "tag": "v0.2.1",
        "commit": "f52f416d6277f27b11832355298553e46b8cc6fd"
      },
      "just-i18n": {
        "git": "https://github.com/subhog/meteor-just-i18n.git",
        "tag": "v0.2.1",
        "commit": "30746ec790ca0962fe232fa7c3e56f8585ba88fd"
      },
      "accounts-t9n": {
        "git": "git@github.com:BeDifferential/meteor-accounts-t9n.git",
        "branch": "master",
        "commit": "f8b5f1784a984733da89443faef89effefcf7667"
      }
    }
  }
}
