{
  "meteor": {},
  "dependencies": {
    "basePackages": {
      "iron-router": {}
    },
    "packages": {
      "iron-router": {
        "git": "https://github.com/EventedMind/iron-router.git",
        "tag": "v0.5.4",
        "commit": "3e0e22ff85630b7503d0daa1538c6d90abb84020"
      }
    }
  }
}
